
Microsoft Visual Studio Solution File, Format Version 12.00
# Visual Studio Version 16
VisualStudioVersion = 16.0.32802.440
MinimumVisualStudioVersion = 10.0.40219.1
Project("{9A19103F-16F7-4668-BE54-9A1E7A4F7556}") = "SeleniumCSharp", "SeleniumCSharp\SeleniumCSharp.csproj", "{8D892217-C128-4DE8-ADE1-4DFF912D1942}"
EndProject
Project("{FAE04EC0-301F-11D3-BF4B-00C04F79EFBC}") = "TestProject1", "TestProject1\TestProject1.csproj", "{FD306ADA-CFAB-4B87-AB2D-88E5D1DB3050}"
EndProject
Global
	GlobalSection(SolutionConfigurationPlatforms) = preSolution
		Debug|Any CPU = Debug|Any CPU
		Release|Any CPU = Release|Any CPU
	EndGlobalSection
	GlobalSection(ProjectConfigurationPlatforms) = postSolution
		{8D892217-C128-4DE8-ADE1-4DFF912D1942}.Debug|Any CPU.ActiveCfg = Debug|Any CPU
		{8D892217-C128-4DE8-ADE1-4DFF912D1942}.Debug|Any CPU.Build.0 = Debug|Any CPU
		{8D892217-C128-4DE8-ADE1-4DFF912D1942}.Release|Any CPU.ActiveCfg = Release|Any CPU
		{8D892217-C128-4DE8-ADE1-4DFF912D1942}.Release|Any CPU.Build.0 = Release|Any CPU
		{FD306ADA-CFAB-4B87-AB2D-88E5D1DB3050}.Debug|Any CPU.ActiveCfg = Debug|Any CPU
		{FD306ADA-CFAB-4B87-AB2D-88E5D1DB3050}.Debug|Any CPU.Build.0 = Debug|Any CPU
		{FD306ADA-CFAB-4B87-AB2D-88E5D1DB3050}.Release|Any CPU.ActiveCfg = Release|Any CPU
		{FD306ADA-CFAB-4B87-AB2D-88E5D1DB3050}.Release|Any CPU.Build.0 = Release|Any CPU
	EndGlobalSection
	GlobalSection(SolutionProperties) = preSolution
		HideSolutionNode = FALSE
	EndGlobalSection
	GlobalSection(ExtensibilityGlobals) = postSolution
		SolutionGuid = {FEE30186-B7C0-4F18-9A18-AD9100EE8AB5}
	EndGlobalSection
EndGlobal
